// !$*UTF8*$!
{
	archiveVersion = 1;
	classes = {
	};
	objectVersion = 46;
	objects = {

/* Begin PBXBuildFile section */
		35354CAE9B6B6421FE6002D4 /* libPods-iOSBlogReader.a in Frameworks */ = {isa = PBXBuildFile; fileRef = 1361E47CCD101148ACB2B2C1 /* libPods-iOSBlogReader.a */; };
		D11A30E71CB978E3001B1D57 /* MainContext.m in Sources */ = {isa = PBXBuildFile; fileRef = D11A30E61CB978E3001B1D57 /* MainContext.m */; };
		D11A30E91CBAA243001B1D57 /* FeedRetriveTests.m in Sources */ = {isa = PBXBuildFile; fileRef = D11A30E81CBAA243001B1D57 /* FeedRetriveTests.m */; };
		D11A30EC1CBAA5C7001B1D57 /* FeedManager.m in Sources */ = {isa = PBXBuildFile; fileRef = D11A30EB1CBAA5C7001B1D57 /* FeedManager.m */; };
		D11A30F01CBAA6C1001B1D57 /* FeedParseOperation.m in Sources */ = {isa = PBXBuildFile; fileRef = D11A30EF1CBAA6C1001B1D57 /* FeedParseOperation.m */; };
		D11A30FE1CBABEB1001B1D57 /* FeedItemModel+CoreDataProperties.m in Sources */ = {isa = PBXBuildFile; fileRef = D11A30FB1CBABEB1001B1D57 /* FeedItemModel+CoreDataProperties.m */; };
		D11A30FF1CBABEB1001B1D57 /* FeedItemModel.m in Sources */ = {isa = PBXBuildFile; fileRef = D11A30FD1CBABEB1001B1D57 /* FeedItemModel.m */; };
		D11A31021CBABF7C001B1D57 /* DataManager.m in Sources */ = {isa = PBXBuildFile; fileRef = D11A31011CBABF7C001B1D57 /* DataManager.m */; };
		D11A312E1CC54E4B001B1D57 /* GTMNSString+HTML.m in Sources */ = {isa = PBXBuildFile; fileRef = D11A311B1CC54E4B001B1D57 /* GTMNSString+HTML.m */; };
		D11A312F1CC54E4B001B1D57 /* MWFeedInfo.m in Sources */ = {isa = PBXBuildFile; fileRef = D11A311D1CC54E4B001B1D57 /* MWFeedInfo.m */; };
		D11A31301CC54E4B001B1D57 /* MWFeedItem.m in Sources */ = {isa = PBXBuildFile; fileRef = D11A311F1CC54E4B001B1D57 /* MWFeedItem.m */; };
		D11A31311CC54E4B001B1D57 /* MWFeedParser.m in Sources */ = {isa = PBXBuildFile; fileRef = D11A31211CC54E4B001B1D57 /* MWFeedParser.m */; };
		D11A31331CC54E4B001B1D57 /* NSDate+InternetDateTime.m in Sources */ = {isa = PBXBuildFile; fileRef = D11A31261CC54E4B001B1D57 /* NSDate+InternetDateTime.m */; };
		D11A31341CC54E4B001B1D57 /* NSString+HTML.m in Sources */ = {isa = PBXBuildFile; fileRef = D11A31281CC54E4B001B1D57 /* NSString+HTML.m */; };
		D11A31351CC54E4B001B1D57 /* NSString+XMLEntities.m in Sources */ = {isa = PBXBuildFile; fileRef = D11A312A1CC54E4B001B1D57 /* NSString+XMLEntities.m */; };
		D13293681CB7E2A60091DA58 /* RestDomainListModel.m in Sources */ = {isa = PBXBuildFile; fileRef = D13293671CB7E2A60091DA58 /* RestDomainListModel.m */; };
		D132936E1CB7F1770091DA58 /* RestLinkListModel.m in Sources */ = {isa = PBXBuildFile; fileRef = D132936D1CB7F1770091DA58 /* RestLinkListModel.m */; };
		D13293721CB90B7E0091DA58 /* BlogModel.xcdatamodeld in Sources */ = {isa = PBXBuildFile; fileRef = D13293701CB90B7E0091DA58 /* BlogModel.xcdatamodeld */; };
		D13848E41CB948BB00C2FEF6 /* FeedModel+CoreDataProperties.m in Sources */ = {isa = PBXBuildFile; fileRef = D13848D31CB948BB00C2FEF6 /* FeedModel+CoreDataProperties.m */; };
		D13848E51CB948BB00C2FEF6 /* FeedModel.m in Sources */ = {isa = PBXBuildFile; fileRef = D13848D51CB948BB00C2FEF6 /* FeedModel.m */; };
		D13848E61CB948BB00C2FEF6 /* AspectModel+CoreDataProperties.m in Sources */ = {isa = PBXBuildFile; fileRef = D13848D71CB948BB00C2FEF6 /* AspectModel+CoreDataProperties.m */; };
		D13848E71CB948BB00C2FEF6 /* AspectModel.m in Sources */ = {isa = PBXBuildFile; fileRef = D13848D91CB948BB00C2FEF6 /* AspectModel.m */; };
		D13848EA1CB948BB00C2FEF6 /* DomainModel+CoreDataProperties.m in Sources */ = {isa = PBXBuildFile; fileRef = D13848DF1CB948BB00C2FEF6 /* DomainModel+CoreDataProperties.m */; };
		D13848EB1CB948BB00C2FEF6 /* DomainModel.m in Sources */ = {isa = PBXBuildFile; fileRef = D13848E11CB948BB00C2FEF6 /* DomainModel.m */; };
		D14431961CCBC8E800FDE636 /* ConfigViewController.m in Sources */ = {isa = PBXBuildFile; fileRef = D14431821CCBC8E800FDE636 /* ConfigViewController.m */; };
		D144319B1CCBC8E800FDE636 /* LinkViewController.m in Sources */ = {isa = PBXBuildFile; fileRef = D144318F1CCBC8E800FDE636 /* LinkViewController.m */; };
		D144319D1CCBC8E800FDE636 /* WebViewController.m in Sources */ = {isa = PBXBuildFile; fileRef = D14431951CCBC8E800FDE636 /* WebViewController.m */; };
		D14431A31CCBC92600FDE636 /* FeedPostTableViewCell.m in Sources */ = {isa = PBXBuildFile; fileRef = D14431A01CCBC92600FDE636 /* FeedPostTableViewCell.m */; };
		D14431A41CCBC92600FDE636 /* FeedSourceTableViewCell.m in Sources */ = {isa = PBXBuildFile; fileRef = D14431A21CCBC92600FDE636 /* FeedSourceTableViewCell.m */; };
		D14431A71CCC039000FDE636 /* FeedSourceManager.m in Sources */ = {isa = PBXBuildFile; fileRef = D14431A61CCC039000FDE636 /* FeedSourceManager.m */; };
		D14431AA1CCD054400FDE636 /* FeedPostContentViewController.m in Sources */ = {isa = PBXBuildFile; fileRef = D14431A91CCD054400FDE636 /* FeedPostContentViewController.m */; };
		D14431AC1CCD0AD000FDE636 /* css.html in Resources */ = {isa = PBXBuildFile; fileRef = D14431AB1CCD0AD000FDE636 /* css.html */; };
		D14431AE1CCD0BD800FDE636 /* post.html in Resources */ = {isa = PBXBuildFile; fileRef = D14431AD1CCD0BD800FDE636 /* post.html */; };
		D14431B41CCFD89200FDE636 /* DiscoverViewController.m in Sources */ = {isa = PBXBuildFile; fileRef = D14431B31CCFD89200FDE636 /* DiscoverViewController.m */; };
		D14431B71CCFD8BC00FDE636 /* FavViewController.m in Sources */ = {isa = PBXBuildFile; fileRef = D14431B61CCFD8BC00FDE636 /* FavViewController.m */; };
		D14431CA1CD0DA7E00FDE636 /* EENavigationController.m in Sources */ = {isa = PBXBuildFile; fileRef = D14431C71CD0DA7E00FDE636 /* EENavigationController.m */; };
		D14431CB1CD0DA7E00FDE636 /* EETabBarController.m in Sources */ = {isa = PBXBuildFile; fileRef = D14431C91CD0DA7E00FDE636 /* EETabBarController.m */; };
		D14431D01CD0DA8A00FDE636 /* FeedPostsViewController.m in Sources */ = {isa = PBXBuildFile; fileRef = D14431CD1CD0DA8A00FDE636 /* FeedPostsViewController.m */; };
		D14431D11CD0DA8A00FDE636 /* FeedSourceViewController.m in Sources */ = {isa = PBXBuildFile; fileRef = D14431CF1CD0DA8A00FDE636 /* FeedSourceViewController.m */; };
		D176AC641C7E221A001F25D4 /* main.m in Sources */ = {isa = PBXBuildFile; fileRef = D176AC631C7E221A001F25D4 /* main.m */; };
		D176AC671C7E221A001F25D4 /* AppDelegate.m in Sources */ = {isa = PBXBuildFile; fileRef = D176AC661C7E221A001F25D4 /* AppDelegate.m */; };
		D176AC721C7E221A001F25D4 /* Assets.xcassets in Resources */ = {isa = PBXBuildFile; fileRef = D176AC711C7E221A001F25D4 /* Assets.xcassets */; };
		D176AC751C7E221A001F25D4 /* LaunchScreen.storyboard in Resources */ = {isa = PBXBuildFile; fileRef = D176AC731C7E221A001F25D4 /* LaunchScreen.storyboard */; };
		D1F574C01CB541580044B494 /* AppUtil.m in Sources */ = {isa = PBXBuildFile; fileRef = D1F574BF1CB541580044B494 /* AppUtil.m */; };
		D1F574D61CB55F190044B494 /* PageDataset.m in Sources */ = {isa = PBXBuildFile; fileRef = D1F574D51CB55F190044B494 /* PageDataset.m */; };
		D1F574E21CB5717C0044B494 /* RestApiTests.m in Sources */ = {isa = PBXBuildFile; fileRef = D1F574E11CB5717C0044B494 /* RestApiTests.m */; };
		D1F574ED1CB5728A0044B494 /* LinkTableViewCell.m in Sources */ = {isa = PBXBuildFile; fileRef = D1F574EC1CB5728A0044B494 /* LinkTableViewCell.m */; };
		D1F574F11CB578890044B494 /* RestApi.m in Sources */ = {isa = PBXBuildFile; fileRef = D1F574F01CB578890044B494 /* RestApi.m */; };
/* End PBXBuildFile section */

/* Begin PBXContainerItemProxy section */
		D1F574E41CB5717C0044B494 /* PBXContainerItemProxy */ = {
			isa = PBXContainerItemProxy;
			containerPortal = D176AC571C7E221A001F25D4 /* Project object */;
			proxyType = 1;
			remoteGlobalIDString = D176AC5E1C7E221A001F25D4;
			remoteInfo = iOSBlogReader;
		};
/* End PBXContainerItemProxy section */

/* Begin PBXFileReference section */
		1361E47CCD101148ACB2B2C1 /* libPods-iOSBlogReader.a */ = {isa = PBXFileReference; explicitFileType = archive.ar; includeInIndex = 0; path = "libPods-iOSBlogReader.a"; sourceTree = BUILT_PRODUCTS_DIR; };
		71DBC24706D008DA1204961E /* Pods-iOSBlogReader.debug.xcconfig */ = {isa = PBXFileReference; includeInIndex = 1; lastKnownFileType = text.xcconfig; name = "Pods-iOSBlogReader.debug.xcconfig"; path = "Pods/Target Support Files/Pods-iOSBlogReader/Pods-iOSBlogReader.debug.xcconfig"; sourceTree = "<group>"; };
		96B908C6BC6631CB3B898F2B /* Pods-iOSBlogReader.release.xcconfig */ = {isa = PBXFileReference; includeInIndex = 1; lastKnownFileType = text.xcconfig; name = "Pods-iOSBlogReader.release.xcconfig"; path = "Pods/Target Support Files/Pods-iOSBlogReader/Pods-iOSBlogReader.release.xcconfig"; sourceTree = "<group>"; };
		D11A30E51CB978E3001B1D57 /* MainContext.h */ = {isa = PBXFileReference; fileEncoding = 4; lastKnownFileType = sourcecode.c.h; name = MainContext.h; path = Context/MainContext.h; sourceTree = "<group>"; };
		D11A30E61CB978E3001B1D57 /* MainContext.m */ = {isa = PBXFileReference; fileEncoding = 4; lastKnownFileType = sourcecode.c.objc; name = MainContext.m; path = Context/MainContext.m; sourceTree = "<group>"; };
		D11A30E81CBAA243001B1D57 /* FeedRetriveTests.m */ = {isa = PBXFileReference; fileEncoding = 4; lastKnownFileType = sourcecode.c.objc; path = FeedRetriveTests.m; sourceTree = "<group>"; };
		D11A30EA1CBAA5C7001B1D57 /* FeedManager.h */ = {isa = PBXFileReference; fileEncoding = 4; lastKnownFileType = sourcecode.c.h; name = FeedManager.h; path = Manager/FeedManager.h; sourceTree = "<group>"; };
		D11A30EB1CBAA5C7001B1D57 /* FeedManager.m */ = {isa = PBXFileReference; fileEncoding = 4; lastKnownFileType = sourcecode.c.objc; name = FeedManager.m; path = Manager/FeedManager.m; sourceTree = "<group>"; };
		D11A30EE1CBAA6C1001B1D57 /* FeedParseOperation.h */ = {isa = PBXFileReference; fileEncoding = 4; lastKnownFileType = sourcecode.c.h; name = FeedParseOperation.h; path = Manager/Feed/FeedParseOperation.h; sourceTree = "<group>"; };
		D11A30EF1CBAA6C1001B1D57 /* FeedParseOperation.m */ = {isa = PBXFileReference; fileEncoding = 4; lastKnownFileType = sourcecode.c.objc; name = FeedParseOperation.m; path = Manager/Feed/FeedParseOperation.m; sourceTree = "<group>"; };
		D11A30FA1CBABEB1001B1D57 /* FeedItemModel+CoreDataProperties.h */ = {isa = PBXFileReference; fileEncoding = 4; lastKnownFileType = sourcecode.c.h; path = "FeedItemModel+CoreDataProperties.h"; sourceTree = "<group>"; };
		D11A30FB1CBABEB1001B1D57 /* FeedItemModel+CoreDataProperties.m */ = {isa = PBXFileReference; fileEncoding = 4; lastKnownFileType = sourcecode.c.objc; path = "FeedItemModel+CoreDataProperties.m"; sourceTree = "<group>"; };
		D11A30FC1CBABEB1001B1D57 /* FeedItemModel.h */ = {isa = PBXFileReference; fileEncoding = 4; lastKnownFileType = sourcecode.c.h; path = FeedItemModel.h; sourceTree = "<group>"; };
		D11A30FD1CBABEB1001B1D57 /* FeedItemModel.m */ = {isa = PBXFileReference; fileEncoding = 4; lastKnownFileType = sourcecode.c.objc; path = FeedItemModel.m; sourceTree = "<group>"; };
		D11A31001CBABF7C001B1D57 /* DataManager.h */ = {isa = PBXFileReference; fileEncoding = 4; lastKnownFileType = sourcecode.c.h; name = DataManager.h; path = Manager/DataManager.h; sourceTree = "<group>"; };
		D11A31011CBABF7C001B1D57 /* DataManager.m */ = {isa = PBXFileReference; fileEncoding = 4; lastKnownFileType = sourcecode.c.objc; name = DataManager.m; path = Manager/DataManager.m; sourceTree = "<group>"; };
		D11A311A1CC54E4B001B1D57 /* GTMNSString+HTML.h */ = {isa = PBXFileReference; fileEncoding = 4; lastKnownFileType = sourcecode.c.h; path = "GTMNSString+HTML.h"; sourceTree = "<group>"; };
		D11A311B1CC54E4B001B1D57 /* GTMNSString+HTML.m */ = {isa = PBXFileReference; fileEncoding = 4; lastKnownFileType = sourcecode.c.objc; path = "GTMNSString+HTML.m"; sourceTree = "<group>"; };
		D11A311C1CC54E4B001B1D57 /* MWFeedInfo.h */ = {isa = PBXFileReference; fileEncoding = 4; lastKnownFileType = sourcecode.c.h; path = MWFeedInfo.h; sourceTree = "<group>"; };
		D11A311D1CC54E4B001B1D57 /* MWFeedInfo.m */ = {isa = PBXFileReference; fileEncoding = 4; lastKnownFileType = sourcecode.c.objc; path = MWFeedInfo.m; sourceTree = "<group>"; };
		D11A311E1CC54E4B001B1D57 /* MWFeedItem.h */ = {isa = PBXFileReference; fileEncoding = 4; lastKnownFileType = sourcecode.c.h; path = MWFeedItem.h; sourceTree = "<group>"; };
		D11A311F1CC54E4B001B1D57 /* MWFeedItem.m */ = {isa = PBXFileReference; fileEncoding = 4; lastKnownFileType = sourcecode.c.objc; path = MWFeedItem.m; sourceTree = "<group>"; };
		D11A31201CC54E4B001B1D57 /* MWFeedParser.h */ = {isa = PBXFileReference; fileEncoding = 4; lastKnownFileType = sourcecode.c.h; path = MWFeedParser.h; sourceTree = "<group>"; };
		D11A31211CC54E4B001B1D57 /* MWFeedParser.m */ = {isa = PBXFileReference; fileEncoding = 4; lastKnownFileType = sourcecode.c.objc; path = MWFeedParser.m; sourceTree = "<group>"; };
		D11A31221CC54E4B001B1D57 /* MWFeedParser_Private.h */ = {isa = PBXFileReference; fileEncoding = 4; lastKnownFileType = sourcecode.c.h; path = MWFeedParser_Private.h; sourceTree = "<group>"; };
		D11A31251CC54E4B001B1D57 /* NSDate+InternetDateTime.h */ = {isa = PBXFileReference; fileEncoding = 4; lastKnownFileType = sourcecode.c.h; path = "NSDate+InternetDateTime.h"; sourceTree = "<group>"; };
		D11A31261CC54E4B001B1D57 /* NSDate+InternetDateTime.m */ = {isa = PBXFileReference; fileEncoding = 4; lastKnownFileType = sourcecode.c.objc; path = "NSDate+InternetDateTime.m"; sourceTree = "<group>"; };
		D11A31271CC54E4B001B1D57 /* NSString+HTML.h */ = {isa = PBXFileReference; fileEncoding = 4; lastKnownFileType = sourcecode.c.h; path = "NSString+HTML.h"; sourceTree = "<group>"; };
		D11A31281CC54E4B001B1D57 /* NSString+HTML.m */ = {isa = PBXFileReference; fileEncoding = 4; lastKnownFileType = sourcecode.c.objc; path = "NSString+HTML.m"; sourceTree = "<group>"; };
		D11A31291CC54E4B001B1D57 /* NSString+XMLEntities.h */ = {isa = PBXFileReference; fileEncoding = 4; lastKnownFileType = sourcecode.c.h; path = "NSString+XMLEntities.h"; sourceTree = "<group>"; };
		D11A312A1CC54E4B001B1D57 /* NSString+XMLEntities.m */ = {isa = PBXFileReference; fileEncoding = 4; lastKnownFileType = sourcecode.c.objc; path = "NSString+XMLEntities.m"; sourceTree = "<group>"; };
		D13293661CB7E2A60091DA58 /* RestDomainListModel.h */ = {isa = PBXFileReference; fileEncoding = 4; lastKnownFileType = sourcecode.c.h; name = RestDomainListModel.h; path = Model/RestModel/RestDomainListModel.h; sourceTree = "<group>"; };
		D13293671CB7E2A60091DA58 /* RestDomainListModel.m */ = {isa = PBXFileReference; fileEncoding = 4; lastKnownFileType = sourcecode.c.objc; name = RestDomainListModel.m; path = Model/RestModel/RestDomainListModel.m; sourceTree = "<group>"; };
		D132936C1CB7F1770091DA58 /* RestLinkListModel.h */ = {isa = PBXFileReference; fileEncoding = 4; lastKnownFileType = sourcecode.c.h; name = RestLinkListModel.h; path = Model/RestModel/RestLinkListModel.h; sourceTree = "<group>"; };
		D132936D1CB7F1770091DA58 /* RestLinkListModel.m */ = {isa = PBXFileReference; fileEncoding = 4; lastKnownFileType = sourcecode.c.objc; name = RestLinkListModel.m; path = Model/RestModel/RestLinkListModel.m; sourceTree = "<group>"; };
		D13293711CB90B7E0091DA58 /* BlogModel.xcdatamodel */ = {isa = PBXFileReference; lastKnownFileType = wrapper.xcdatamodel; path = BlogModel.xcdatamodel; sourceTree = "<group>"; };
		D13848D21CB948BB00C2FEF6 /* FeedModel+CoreDataProperties.h */ = {isa = PBXFileReference; fileEncoding = 4; lastKnownFileType = sourcecode.c.h; path = "FeedModel+CoreDataProperties.h"; sourceTree = "<group>"; };
		D13848D31CB948BB00C2FEF6 /* FeedModel+CoreDataProperties.m */ = {isa = PBXFileReference; fileEncoding = 4; lastKnownFileType = sourcecode.c.objc; path = "FeedModel+CoreDataProperties.m"; sourceTree = "<group>"; };
		D13848D41CB948BB00C2FEF6 /* FeedModel.h */ = {isa = PBXFileReference; fileEncoding = 4; lastKnownFileType = sourcecode.c.h; path = FeedModel.h; sourceTree = "<group>"; };
		D13848D51CB948BB00C2FEF6 /* FeedModel.m */ = {isa = PBXFileReference; fileEncoding = 4; lastKnownFileType = sourcecode.c.objc; path = FeedModel.m; sourceTree = "<group>"; };
		D13848D61CB948BB00C2FEF6 /* AspectModel+CoreDataProperties.h */ = {isa = PBXFileReference; fileEncoding = 4; lastKnownFileType = sourcecode.c.h; path = "AspectModel+CoreDataProperties.h"; sourceTree = "<group>"; };
		D13848D71CB948BB00C2FEF6 /* AspectModel+CoreDataProperties.m */ = {isa = PBXFileReference; fileEncoding = 4; lastKnownFileType = sourcecode.c.objc; path = "AspectModel+CoreDataProperties.m"; sourceTree = "<group>"; };
		D13848D81CB948BB00C2FEF6 /* AspectModel.h */ = {isa = PBXFileReference; fileEncoding = 4; lastKnownFileType = sourcecode.c.h; path = AspectModel.h; sourceTree = "<group>"; };
		D13848D91CB948BB00C2FEF6 /* AspectModel.m */ = {isa = PBXFileReference; fileEncoding = 4; lastKnownFileType = sourcecode.c.objc; path = AspectModel.m; sourceTree = "<group>"; };
		D13848DE1CB948BB00C2FEF6 /* DomainModel+CoreDataProperties.h */ = {isa = PBXFileReference; fileEncoding = 4; lastKnownFileType = sourcecode.c.h; path = "DomainModel+CoreDataProperties.h"; sourceTree = "<group>"; };
		D13848DF1CB948BB00C2FEF6 /* DomainModel+CoreDataProperties.m */ = {isa = PBXFileReference; fileEncoding = 4; lastKnownFileType = sourcecode.c.objc; path = "DomainModel+CoreDataProperties.m"; sourceTree = "<group>"; };
		D13848E01CB948BB00C2FEF6 /* DomainModel.h */ = {isa = PBXFileReference; fileEncoding = 4; lastKnownFileType = sourcecode.c.h; path = DomainModel.h; sourceTree = "<group>"; };
		D13848E11CB948BB00C2FEF6 /* DomainModel.m */ = {isa = PBXFileReference; fileEncoding = 4; lastKnownFileType = sourcecode.c.objc; path = DomainModel.m; sourceTree = "<group>"; };
		D14431811CCBC8E800FDE636 /* ConfigViewController.h */ = {isa = PBXFileReference; fileEncoding = 4; lastKnownFileType = sourcecode.c.h; path = ConfigViewController.h; sourceTree = "<group>"; };
		D14431821CCBC8E800FDE636 /* ConfigViewController.m */ = {isa = PBXFileReference; fileEncoding = 4; lastKnownFileType = sourcecode.c.objc; path = ConfigViewController.m; sourceTree = "<group>"; };
		D144318E1CCBC8E800FDE636 /* LinkViewController.h */ = {isa = PBXFileReference; fileEncoding = 4; lastKnownFileType = sourcecode.c.h; path = LinkViewController.h; sourceTree = "<group>"; };
		D144318F1CCBC8E800FDE636 /* LinkViewController.m */ = {isa = PBXFileReference; fileEncoding = 4; lastKnownFileType = sourcecode.c.objc; path = LinkViewController.m; sourceTree = "<group>"; };
		D14431941CCBC8E800FDE636 /* WebViewController.h */ = {isa = PBXFileReference; fileEncoding = 4; lastKnownFileType = sourcecode.c.h; path = WebViewController.h; sourceTree = "<group>"; };
		D14431951CCBC8E800FDE636 /* WebViewController.m */ = {isa = PBXFileReference; fileEncoding = 4; lastKnownFileType = sourcecode.c.objc; path = WebViewController.m; sourceTree = "<group>"; };
		D144319F1CCBC92600FDE636 /* FeedPostTableViewCell.h */ = {isa = PBXFileReference; fileEncoding = 4; lastKnownFileType = sourcecode.c.h; path = FeedPostTableViewCell.h; sourceTree = "<group>"; };
		D14431A01CCBC92600FDE636 /* FeedPostTableViewCell.m */ = {isa = PBXFileReference; fileEncoding = 4; lastKnownFileType = sourcecode.c.objc; path = FeedPostTableViewCell.m; sourceTree = "<group>"; };
		D14431A11CCBC92600FDE636 /* FeedSourceTableViewCell.h */ = {isa = PBXFileReference; fileEncoding = 4; lastKnownFileType = sourcecode.c.h; path = FeedSourceTableViewCell.h; sourceTree = "<group>"; };
		D14431A21CCBC92600FDE636 /* FeedSourceTableViewCell.m */ = {isa = PBXFileReference; fileEncoding = 4; lastKnownFileType = sourcecode.c.objc; path = FeedSourceTableViewCell.m; sourceTree = "<group>"; };
		D14431A51CCC039000FDE636 /* FeedSourceManager.h */ = {isa = PBXFileReference; fileEncoding = 4; lastKnownFileType = sourcecode.c.h; name = FeedSourceManager.h; path = Manager/FeedSourceManager.h; sourceTree = "<group>"; };
		D14431A61CCC039000FDE636 /* FeedSourceManager.m */ = {isa = PBXFileReference; fileEncoding = 4; lastKnownFileType = sourcecode.c.objc; name = FeedSourceManager.m; path = Manager/FeedSourceManager.m; sourceTree = "<group>"; };
		D14431A81CCD054400FDE636 /* FeedPostContentViewController.h */ = {isa = PBXFileReference; fileEncoding = 4; lastKnownFileType = sourcecode.c.h; path = FeedPostContentViewController.h; sourceTree = "<group>"; };
		D14431A91CCD054400FDE636 /* FeedPostContentViewController.m */ = {isa = PBXFileReference; fileEncoding = 4; lastKnownFileType = sourcecode.c.objc; path = FeedPostContentViewController.m; sourceTree = "<group>"; };
		D14431AB1CCD0AD000FDE636 /* css.html */ = {isa = PBXFileReference; fileEncoding = 4; lastKnownFileType = text.html; name = css.html; path = Resource/css.html; sourceTree = "<group>"; };
		D14431AD1CCD0BD800FDE636 /* post.html */ = {isa = PBXFileReference; fileEncoding = 4; lastKnownFileType = text.html; name = post.html; path = Resource/post.html; sourceTree = "<group>"; };
		D14431B21CCFD89200FDE636 /* DiscoverViewController.h */ = {isa = PBXFileReference; fileEncoding = 4; lastKnownFileType = sourcecode.c.h; path = DiscoverViewController.h; sourceTree = "<group>"; };
		D14431B31CCFD89200FDE636 /* DiscoverViewController.m */ = {isa = PBXFileReference; fileEncoding = 4; lastKnownFileType = sourcecode.c.objc; path = DiscoverViewController.m; sourceTree = "<group>"; };
		D14431B51CCFD8BC00FDE636 /* FavViewController.h */ = {isa = PBXFileReference; fileEncoding = 4; lastKnownFileType = sourcecode.c.h; path = FavViewController.h; sourceTree = "<group>"; };
		D14431B61CCFD8BC00FDE636 /* FavViewController.m */ = {isa = PBXFileReference; fileEncoding = 4; lastKnownFileType = sourcecode.c.objc; path = FavViewController.m; sourceTree = "<group>"; };
		D14431C61CD0DA7E00FDE636 /* EENavigationController.h */ = {isa = PBXFileReference; fileEncoding = 4; lastKnownFileType = sourcecode.c.h; path = EENavigationController.h; sourceTree = "<group>"; };
		D14431C71CD0DA7E00FDE636 /* EENavigationController.m */ = {isa = PBXFileReference; fileEncoding = 4; lastKnownFileType = sourcecode.c.objc; path = EENavigationController.m; sourceTree = "<group>"; };
		D14431C81CD0DA7E00FDE636 /* EETabBarController.h */ = {isa = PBXFileReference; fileEncoding = 4; lastKnownFileType = sourcecode.c.h; path = EETabBarController.h; sourceTree = "<group>"; };
		D14431C91CD0DA7E00FDE636 /* EETabBarController.m */ = {isa = PBXFileReference; fileEncoding = 4; lastKnownFileType = sourcecode.c.objc; path = EETabBarController.m; sourceTree = "<group>"; };
		D14431CC1CD0DA8A00FDE636 /* FeedPostsViewController.h */ = {isa = PBXFileReference; fileEncoding = 4; lastKnownFileType = sourcecode.c.h; path = FeedPostsViewController.h; sourceTree = "<group>"; };
		D14431CD1CD0DA8A00FDE636 /* FeedPostsViewController.m */ = {isa = PBXFileReference; fileEncoding = 4; lastKnownFileType = sourcecode.c.objc; path = FeedPostsViewController.m; sourceTree = "<group>"; };
		D14431CE1CD0DA8A00FDE636 /* FeedSourceViewController.h */ = {isa = PBXFileReference; fileEncoding = 4; lastKnownFileType = sourcecode.c.h; path = FeedSourceViewController.h; sourceTree = "<group>"; };
		D14431CF1CD0DA8A00FDE636 /* FeedSourceViewController.m */ = {isa = PBXFileReference; fileEncoding = 4; lastKnownFileType = sourcecode.c.objc; path = FeedSourceViewController.m; sourceTree = "<group>"; };
		D176AC5F1C7E221A001F25D4 /* 博客精选 iOS.app */ = {isa = PBXFileReference; explicitFileType = wrapper.application; includeInIndex = 0; path = "博客精选 iOS.app"; sourceTree = BUILT_PRODUCTS_DIR; };
		D176AC631C7E221A001F25D4 /* main.m */ = {isa = PBXFileReference; lastKnownFileType = sourcecode.c.objc; path = main.m; sourceTree = "<group>"; };
		D176AC651C7E221A001F25D4 /* AppDelegate.h */ = {isa = PBXFileReference; lastKnownFileType = sourcecode.c.h; path = AppDelegate.h; sourceTree = "<group>"; };
		D176AC661C7E221A001F25D4 /* AppDelegate.m */ = {isa = PBXFileReference; lastKnownFileType = sourcecode.c.objc; path = AppDelegate.m; sourceTree = "<group>"; };
		D176AC711C7E221A001F25D4 /* Assets.xcassets */ = {isa = PBXFileReference; lastKnownFileType = folder.assetcatalog; path = Assets.xcassets; sourceTree = "<group>"; };
		D176AC741C7E221A001F25D4 /* Base */ = {isa = PBXFileReference; lastKnownFileType = file.storyboard; name = Base; path = Base.lproj/LaunchScreen.storyboard; sourceTree = "<group>"; };
		D176AC761C7E221A001F25D4 /* Info.plist */ = {isa = PBXFileReference; lastKnownFileType = text.plist.xml; path = Info.plist; sourceTree = "<group>"; };
		D1F574BE1CB541580044B494 /* AppUtil.h */ = {isa = PBXFileReference; fileEncoding = 4; lastKnownFileType = sourcecode.c.h; name = AppUtil.h; path = Utility/AppUtil.h; sourceTree = "<group>"; };
		D1F574BF1CB541580044B494 /* AppUtil.m */ = {isa = PBXFileReference; fileEncoding = 4; lastKnownFileType = sourcecode.c.objc; name = AppUtil.m; path = Utility/AppUtil.m; sourceTree = "<group>"; };
		D1F574D41CB55F190044B494 /* PageDataset.h */ = {isa = PBXFileReference; fileEncoding = 4; lastKnownFileType = sourcecode.c.h; name = PageDataset.h; path = Model/PageDataset.h; sourceTree = "<group>"; };
		D1F574D51CB55F190044B494 /* PageDataset.m */ = {isa = PBXFileReference; fileEncoding = 4; lastKnownFileType = sourcecode.c.objc; name = PageDataset.m; path = Model/PageDataset.m; sourceTree = "<group>"; };
		D1F574DF1CB5717C0044B494 /* iOSBlogReaderTests.xctest */ = {isa = PBXFileReference; explicitFileType = wrapper.cfbundle; includeInIndex = 0; path = iOSBlogReaderTests.xctest; sourceTree = BUILT_PRODUCTS_DIR; };
		D1F574E11CB5717C0044B494 /* RestApiTests.m */ = {isa = PBXFileReference; lastKnownFileType = sourcecode.c.objc; path = RestApiTests.m; sourceTree = "<group>"; };
		D1F574E31CB5717C0044B494 /* Info.plist */ = {isa = PBXFileReference; lastKnownFileType = text.plist.xml; path = Info.plist; sourceTree = "<group>"; };
		D1F574EB1CB5728A0044B494 /* LinkTableViewCell.h */ = {isa = PBXFileReference; fileEncoding = 4; lastKnownFileType = sourcecode.c.h; name = LinkTableViewCell.h; path = View/Link/LinkTableViewCell.h; sourceTree = "<group>"; };
		D1F574EC1CB5728A0044B494 /* LinkTableViewCell.m */ = {isa = PBXFileReference; fileEncoding = 4; lastKnownFileType = sourcecode.c.objc; name = LinkTableViewCell.m; path = View/Link/LinkTableViewCell.m; sourceTree = "<group>"; };
		D1F574EE1CB574680044B494 /* PrefixHeader.h */ = {isa = PBXFileReference; lastKnownFileType = sourcecode.c.h; path = PrefixHeader.h; sourceTree = "<group>"; };
		D1F574EF1CB578890044B494 /* RestApi.h */ = {isa = PBXFileReference; fileEncoding = 4; lastKnownFileType = sourcecode.c.h; name = RestApi.h; path = Manager/RestApi.h; sourceTree = "<group>"; };
		D1F574F01CB578890044B494 /* RestApi.m */ = {isa = PBXFileReference; fileEncoding = 4; lastKnownFileType = sourcecode.c.objc; name = RestApi.m; path = Manager/RestApi.m; sourceTree = "<group>"; };
/* End PBXFileReference section */

/* Begin PBXFrameworksBuildPhase section */
		D176AC5C1C7E221A001F25D4 /* Frameworks */ = {
			isa = PBXFrameworksBuildPhase;
			buildActionMask = 2147483647;
			files = (
				35354CAE9B6B6421FE6002D4 /* libPods-iOSBlogReader.a in Frameworks */,
			);
			runOnlyForDeploymentPostprocessing = 0;
		};
		D1F574DC1CB5717C0044B494 /* Frameworks */ = {
			isa = PBXFrameworksBuildPhase;
			buildActionMask = 2147483647;
			files = (
			);
			runOnlyForDeploymentPostprocessing = 0;
		};
/* End PBXFrameworksBuildPhase section */

/* Begin PBXGroup section */
		36A224922CDA839D0659CFCD /* Pods */ = {
			isa = PBXGroup;
			children = (
				71DBC24706D008DA1204961E /* Pods-iOSBlogReader.debug.xcconfig */,
				96B908C6BC6631CB3B898F2B /* Pods-iOSBlogReader.release.xcconfig */,
			);
			name = Pods;
			sourceTree = "<group>";
		};
		B3EF826D5800FAB8DA8C6D6F /* Frameworks */ = {
			isa = PBXGroup;
			children = (
				1361E47CCD101148ACB2B2C1 /* libPods-iOSBlogReader.a */,
			);
			name = Frameworks;
			sourceTree = "<group>";
		};
		D11A30E41CB978C5001B1D57 /* Context */ = {
			isa = PBXGroup;
			children = (
				D11A30E51CB978E3001B1D57 /* MainContext.h */,
				D11A30E61CB978E3001B1D57 /* MainContext.m */,
			);
			name = Context;
			sourceTree = "<group>";
		};
		D11A30ED1CBAA6A6001B1D57 /* Feed */ = {
			isa = PBXGroup;
			children = (
				D11A30EE1CBAA6C1001B1D57 /* FeedParseOperation.h */,
				D11A30EF1CBAA6C1001B1D57 /* FeedParseOperation.m */,
			);
			name = Feed;
			sourceTree = "<group>";
		};
		D11A31161CC54E4B001B1D57 /* ThirdParty */ = {
			isa = PBXGroup;
			children = (
				D11A31171CC54E4B001B1D57 /* MWFeedParser */,
			);
			path = ThirdParty;
			sourceTree = "<group>";
		};
		D11A31171CC54E4B001B1D57 /* MWFeedParser */ = {
			isa = PBXGroup;
			children = (
				D11A311A1CC54E4B001B1D57 /* GTMNSString+HTML.h */,
				D11A311B1CC54E4B001B1D57 /* GTMNSString+HTML.m */,
				D11A311C1CC54E4B001B1D57 /* MWFeedInfo.h */,
				D11A311D1CC54E4B001B1D57 /* MWFeedInfo.m */,
				D11A311E1CC54E4B001B1D57 /* MWFeedItem.h */,
				D11A311F1CC54E4B001B1D57 /* MWFeedItem.m */,
				D11A31201CC54E4B001B1D57 /* MWFeedParser.h */,
				D11A31211CC54E4B001B1D57 /* MWFeedParser.m */,
				D11A31221CC54E4B001B1D57 /* MWFeedParser_Private.h */,
				D11A31251CC54E4B001B1D57 /* NSDate+InternetDateTime.h */,
				D11A31261CC54E4B001B1D57 /* NSDate+InternetDateTime.m */,
				D11A31271CC54E4B001B1D57 /* NSString+HTML.h */,
				D11A31281CC54E4B001B1D57 /* NSString+HTML.m */,
				D11A31291CC54E4B001B1D57 /* NSString+XMLEntities.h */,
				D11A312A1CC54E4B001B1D57 /* NSString+XMLEntities.m */,
			);
			path = MWFeedParser;
			sourceTree = "<group>";
		};
		D13293651CB7E2600091DA58 /* RestModel */ = {
			isa = PBXGroup;
			children = (
				D13293661CB7E2A60091DA58 /* RestDomainListModel.h */,
				D13293671CB7E2A60091DA58 /* RestDomainListModel.m */,
				D132936C1CB7F1770091DA58 /* RestLinkListModel.h */,
				D132936D1CB7F1770091DA58 /* RestLinkListModel.m */,
			);
			name = RestModel;
			sourceTree = "<group>";
		};
		D132936F1CB90B7E0091DA58 /* CoreData */ = {
			isa = PBXGroup;
			children = (
				D11A30FA1CBABEB1001B1D57 /* FeedItemModel+CoreDataProperties.h */,
				D11A30FB1CBABEB1001B1D57 /* FeedItemModel+CoreDataProperties.m */,
				D11A30FC1CBABEB1001B1D57 /* FeedItemModel.h */,
				D11A30FD1CBABEB1001B1D57 /* FeedItemModel.m */,
				D13848D21CB948BB00C2FEF6 /* FeedModel+CoreDataProperties.h */,
				D13848D31CB948BB00C2FEF6 /* FeedModel+CoreDataProperties.m */,
				D13848D41CB948BB00C2FEF6 /* FeedModel.h */,
				D13848D51CB948BB00C2FEF6 /* FeedModel.m */,
				D13848D61CB948BB00C2FEF6 /* AspectModel+CoreDataProperties.h */,
				D13848D71CB948BB00C2FEF6 /* AspectModel+CoreDataProperties.m */,
				D13848D81CB948BB00C2FEF6 /* AspectModel.h */,
				D13848D91CB948BB00C2FEF6 /* AspectModel.m */,
				D13848DE1CB948BB00C2FEF6 /* DomainModel+CoreDataProperties.h */,
				D13848DF1CB948BB00C2FEF6 /* DomainModel+CoreDataProperties.m */,
				D13848E01CB948BB00C2FEF6 /* DomainModel.h */,
				D13848E11CB948BB00C2FEF6 /* DomainModel.m */,
				D13293701CB90B7E0091DA58 /* BlogModel.xcdatamodeld */,
			);
			name = CoreData;
			path = Model/CoreData;
			sourceTree = "<group>";
		};
		D14431801CCBC8E800FDE636 /* Config */ = {
			isa = PBXGroup;
			children = (
				D14431811CCBC8E800FDE636 /* ConfigViewController.h */,
				D14431821CCBC8E800FDE636 /* ConfigViewController.m */,
			);
			name = Config;
			path = Controller/Config;
			sourceTree = "<group>";
		};
		D14431861CCBC8E800FDE636 /* Feed */ = {
			isa = PBXGroup;
			children = (
				D14431A81CCD054400FDE636 /* FeedPostContentViewController.h */,
				D14431A91CCD054400FDE636 /* FeedPostContentViewController.m */,
			);
			name = Feed;
			path = Controller/Feed;
			sourceTree = "<group>";
		};
		D144318D1CCBC8E800FDE636 /* Link */ = {
			isa = PBXGroup;
			children = (
				D144318E1CCBC8E800FDE636 /* LinkViewController.h */,
				D144318F1CCBC8E800FDE636 /* LinkViewController.m */,
			);
			name = Link;
			path = Controller/Link;
			sourceTree = "<group>";
		};
		D14431901CCBC8E800FDE636 /* Main */ = {
			isa = PBXGroup;
			children = (
				D14431CC1CD0DA8A00FDE636 /* FeedPostsViewController.h */,
				D14431CD1CD0DA8A00FDE636 /* FeedPostsViewController.m */,
				D14431CE1CD0DA8A00FDE636 /* FeedSourceViewController.h */,
				D14431CF1CD0DA8A00FDE636 /* FeedSourceViewController.m */,
				D14431B21CCFD89200FDE636 /* DiscoverViewController.h */,
				D14431B31CCFD89200FDE636 /* DiscoverViewController.m */,
				D14431B51CCFD8BC00FDE636 /* FavViewController.h */,
				D14431B61CCFD8BC00FDE636 /* FavViewController.m */,
			);
			name = Main;
			path = Controller/Main;
			sourceTree = "<group>";
		};
		D14431931CCBC8E800FDE636 /* Web */ = {
			isa = PBXGroup;
			children = (
				D14431941CCBC8E800FDE636 /* WebViewController.h */,
				D14431951CCBC8E800FDE636 /* WebViewController.m */,
			);
			name = Web;
			path = Controller/Web;
			sourceTree = "<group>";
		};
		D144319E1CCBC92600FDE636 /* Feed */ = {
			isa = PBXGroup;
			children = (
				D144319F1CCBC92600FDE636 /* FeedPostTableViewCell.h */,
				D14431A01CCBC92600FDE636 /* FeedPostTableViewCell.m */,
				D14431A11CCBC92600FDE636 /* FeedSourceTableViewCell.h */,
				D14431A21CCBC92600FDE636 /* FeedSourceTableViewCell.m */,
			);
			name = Feed;
			path = View/Feed;
			sourceTree = "<group>";
		};
		D14431C51CD0DA7E00FDE636 /* Common */ = {
			isa = PBXGroup;
			children = (
				D14431C61CD0DA7E00FDE636 /* EENavigationController.h */,
				D14431C71CD0DA7E00FDE636 /* EENavigationController.m */,
				D14431C81CD0DA7E00FDE636 /* EETabBarController.h */,
				D14431C91CD0DA7E00FDE636 /* EETabBarController.m */,
			);
			name = Common;
			path = Controller/Common;
			sourceTree = "<group>";
		};
		D176AC561C7E221A001F25D4 = {
			isa = PBXGroup;
			children = (
				D176AC611C7E221A001F25D4 /* iOSBlogReader */,
				D1F574E01CB5717C0044B494 /* iOSBlogReaderTests */,
				D176AC601C7E221A001F25D4 /* Products */,
				36A224922CDA839D0659CFCD /* Pods */,
				B3EF826D5800FAB8DA8C6D6F /* Frameworks */,
			);
			sourceTree = "<group>";
		};
		D176AC601C7E221A001F25D4 /* Products */ = {
			isa = PBXGroup;
			children = (
				D176AC5F1C7E221A001F25D4 /* 博客精选 iOS.app */,
				D1F574DF1CB5717C0044B494 /* iOSBlogReaderTests.xctest */,
			);
			name = Products;
			sourceTree = "<group>";
		};
		D176AC611C7E221A001F25D4 /* iOSBlogReader */ = {
			isa = PBXGroup;
			children = (
				D11A31161CC54E4B001B1D57 /* ThirdParty */,
				D11A30E41CB978C5001B1D57 /* Context */,
				D1F574D71CB570E80044B494 /* Manager */,
				D1F574BD1CB5409D0044B494 /* View */,
				D1F574BC1CB540900044B494 /* Model */,
				D1F574BB1CB540740044B494 /* Controller */,
				D1F574BA1CB5405B0044B494 /* Resource */,
				D1F574B91CB540050044B494 /* Utility */,
				D176AC621C7E221A001F25D4 /* Supporting Files */,
			);
			path = iOSBlogReader;
			sourceTree = "<group>";
		};
		D176AC621C7E221A001F25D4 /* Supporting Files */ = {
			isa = PBXGroup;
			children = (
				D176AC651C7E221A001F25D4 /* AppDelegate.h */,
				D176AC661C7E221A001F25D4 /* AppDelegate.m */,
				D176AC631C7E221A001F25D4 /* main.m */,
				D1F574EE1CB574680044B494 /* PrefixHeader.h */,
			);
			name = "Supporting Files";
			sourceTree = "<group>";
		};
		D1F574B91CB540050044B494 /* Utility */ = {
			isa = PBXGroup;
			children = (
				D1F574BE1CB541580044B494 /* AppUtil.h */,
				D1F574BF1CB541580044B494 /* AppUtil.m */,
			);
			name = Utility;
			sourceTree = "<group>";
		};
		D1F574BA1CB5405B0044B494 /* Resource */ = {
			isa = PBXGroup;
			children = (
				D176AC711C7E221A001F25D4 /* Assets.xcassets */,
				D176AC731C7E221A001F25D4 /* LaunchScreen.storyboard */,
				D176AC761C7E221A001F25D4 /* Info.plist */,
				D14431AB1CCD0AD000FDE636 /* css.html */,
				D14431AD1CCD0BD800FDE636 /* post.html */,
			);
			name = Resource;
			sourceTree = "<group>";
		};
		D1F574BB1CB540740044B494 /* Controller */ = {
			isa = PBXGroup;
			children = (
				D14431C51CD0DA7E00FDE636 /* Common */,
				D14431801CCBC8E800FDE636 /* Config */,
				D14431861CCBC8E800FDE636 /* Feed */,
				D144318D1CCBC8E800FDE636 /* Link */,
				D14431901CCBC8E800FDE636 /* Main */,
				D14431931CCBC8E800FDE636 /* Web */,
			);
			name = Controller;
			sourceTree = "<group>";
		};
		D1F574BC1CB540900044B494 /* Model */ = {
			isa = PBXGroup;
			children = (
				D132936F1CB90B7E0091DA58 /* CoreData */,
				D13293651CB7E2600091DA58 /* RestModel */,
				D1F574D41CB55F190044B494 /* PageDataset.h */,
				D1F574D51CB55F190044B494 /* PageDataset.m */,
			);
			name = Model;
			sourceTree = "<group>";
		};
		D1F574BD1CB5409D0044B494 /* View */ = {
			isa = PBXGroup;
			children = (
				D144319E1CCBC92600FDE636 /* Feed */,
				D1F574EA1CB5725A0044B494 /* Link */,
			);
			name = View;
			sourceTree = "<group>";
		};
		D1F574D71CB570E80044B494 /* Manager */ = {
			isa = PBXGroup;
			children = (
				D11A30ED1CBAA6A6001B1D57 /* Feed */,
				D1F574EF1CB578890044B494 /* RestApi.h */,
				D1F574F01CB578890044B494 /* RestApi.m */,
				D11A30EA1CBAA5C7001B1D57 /* FeedManager.h */,
				D11A30EB1CBAA5C7001B1D57 /* FeedManager.m */,
				D11A31001CBABF7C001B1D57 /* DataManager.h */,
				D11A31011CBABF7C001B1D57 /* DataManager.m */,
				D14431A51CCC039000FDE636 /* FeedSourceManager.h */,
				D14431A61CCC039000FDE636 /* FeedSourceManager.m */,
			);
			name = Manager;
			sourceTree = "<group>";
		};
		D1F574E01CB5717C0044B494 /* iOSBlogReaderTests */ = {
			isa = PBXGroup;
			children = (
				D1F574E11CB5717C0044B494 /* RestApiTests.m */,
				D1F574E31CB5717C0044B494 /* Info.plist */,
				D11A30E81CBAA243001B1D57 /* FeedRetriveTests.m */,
			);
			path = iOSBlogReaderTests;
			sourceTree = "<group>";
		};
		D1F574EA1CB5725A0044B494 /* Link */ = {
			isa = PBXGroup;
			children = (
				D1F574EB1CB5728A0044B494 /* LinkTableViewCell.h */,
				D1F574EC1CB5728A0044B494 /* LinkTableViewCell.m */,
			);
			name = Link;
			sourceTree = "<group>";
		};
/* End PBXGroup section */

/* Begin PBXNativeTarget section */
		D176AC5E1C7E221A001F25D4 /* iOSBlogReader */ = {
			isa = PBXNativeTarget;
			buildConfigurationList = D176AC791C7E221A001F25D4 /* Build configuration list for PBXNativeTarget "iOSBlogReader" */;
			buildPhases = (
				19BBAA456709E63DAB651F36 /* Check Pods Manifest.lock */,
				D176AC5B1C7E221A001F25D4 /* Sources */,
				D176AC5C1C7E221A001F25D4 /* Frameworks */,
				D176AC5D1C7E221A001F25D4 /* Resources */,
				835C209F140228BC2F7D4331 /* Embed Pods Frameworks */,
				8BDB5E155A0A717D175132F8 /* Copy Pods Resources */,
			);
			buildRules = (
			);
			dependencies = (
			);
			name = iOSBlogReader;
			productName = iOSBlogReader;
			productReference = D176AC5F1C7E221A001F25D4 /* 博客精选 iOS.app */;
			productType = "com.apple.product-type.application";
		};
		D1F574DE1CB5717C0044B494 /* iOSBlogReaderTests */ = {
			isa = PBXNativeTarget;
			buildConfigurationList = D1F574E61CB5717C0044B494 /* Build configuration list for PBXNativeTarget "iOSBlogReaderTests" */;
			buildPhases = (
				D1F574DB1CB5717C0044B494 /* Sources */,
				D1F574DC1CB5717C0044B494 /* Frameworks */,
				D1F574DD1CB5717C0044B494 /* Resources */,
			);
			buildRules = (
			);
			dependencies = (
				D1F574E51CB5717C0044B494 /* PBXTargetDependency */,
			);
			name = iOSBlogReaderTests;
			productName = iOSBlogReaderTests;
			productReference = D1F574DF1CB5717C0044B494 /* iOSBlogReaderTests.xctest */;
			productType = "com.apple.product-type.bundle.unit-test";
		};
/* End PBXNativeTarget section */

/* Begin PBXProject section */
		D176AC571C7E221A001F25D4 /* Project object */ = {
			isa = PBXProject;
			attributes = {
				LastUpgradeCheck = 0720;
				ORGANIZATIONNAME = everettjf;
				TargetAttributes = {
					D176AC5E1C7E221A001F25D4 = {
						CreatedOnToolsVersion = 7.2.1;
						DevelopmentTeam = 7Y7Q3C5XPJ;
					};
					D1F574DE1CB5717C0044B494 = {
						CreatedOnToolsVersion = 7.3;
						DevelopmentTeam = 7Y7Q3C5XPJ;
						TestTargetID = D176AC5E1C7E221A001F25D4;
					};
				};
			};
			buildConfigurationList = D176AC5A1C7E221A001F25D4 /* Build configuration list for PBXProject "iOSBlogReader" */;
			compatibilityVersion = "Xcode 3.2";
			developmentRegion = English;
			hasScannedForEncodings = 0;
			knownRegions = (
				en,
				Base,
			);
			mainGroup = D176AC561C7E221A001F25D4;
			productRefGroup = D176AC601C7E221A001F25D4 /* Products */;
			projectDirPath = "";
			projectRoot = "";
			targets = (
				D176AC5E1C7E221A001F25D4 /* iOSBlogReader */,
				D1F574DE1CB5717C0044B494 /* iOSBlogReaderTests */,
			);
		};
/* End PBXProject section */

/* Begin PBXResourcesBuildPhase section */
		D176AC5D1C7E221A001F25D4 /* Resources */ = {
			isa = PBXResourcesBuildPhase;
			buildActionMask = 2147483647;
			files = (
				D176AC751C7E221A001F25D4 /* LaunchScreen.storyboard in Resources */,
				D176AC721C7E221A001F25D4 /* Assets.xcassets in Resources */,
				D14431AE1CCD0BD800FDE636 /* post.html in Resources */,
				D14431AC1CCD0AD000FDE636 /* css.html in Resources */,
			);
			runOnlyForDeploymentPostprocessing = 0;
		};
		D1F574DD1CB5717C0044B494 /* Resources */ = {
			isa = PBXResourcesBuildPhase;
			buildActionMask = 2147483647;
			files = (
			);
			runOnlyForDeploymentPostprocessing = 0;
		};
/* End PBXResourcesBuildPhase section */

/* Begin PBXShellScriptBuildPhase section */
		19BBAA456709E63DAB651F36 /* Check Pods Manifest.lock */ = {
			isa = PBXShellScriptBuildPhase;
			buildActionMask = 2147483647;
			files = (
			);
			inputPaths = (
			);
			name = "Check Pods Manifest.lock";
			outputPaths = (
			);
			runOnlyForDeploymentPostprocessing = 0;
			shellPath = /bin/sh;
			shellScript = "diff \"${PODS_ROOT}/../Podfile.lock\" \"${PODS_ROOT}/Manifest.lock\" > /dev/null\nif [[ $? != 0 ]] ; then\n    cat << EOM\nerror: The sandbox is not in sync with the Podfile.lock. Run 'pod install' or update your CocoaPods installation.\nEOM\n    exit 1\nfi\n";
			showEnvVarsInLog = 0;
		};
		835C209F140228BC2F7D4331 /* Embed Pods Frameworks */ = {
			isa = PBXShellScriptBuildPhase;
			buildActionMask = 2147483647;
			files = (
			);
			inputPaths = (
			);
			name = "Embed Pods Frameworks";
			outputPaths = (
			);
			runOnlyForDeploymentPostprocessing = 0;
			shellPath = /bin/sh;
			shellScript = "\"${SRCROOT}/Pods/Target Support Files/Pods-iOSBlogReader/Pods-iOSBlogReader-frameworks.sh\"\n";
			showEnvVarsInLog = 0;
		};
		8BDB5E155A0A717D175132F8 /* Copy Pods Resources */ = {
			isa = PBXShellScriptBuildPhase;
			buildActionMask = 2147483647;
			files = (
			);
			inputPaths = (
			);
			name = "Copy Pods Resources";
			outputPaths = (
			);
			runOnlyForDeploymentPostprocessing = 0;
			shellPath = /bin/sh;
			shellScript = "\"${SRCROOT}/Pods/Target Support Files/Pods-iOSBlogReader/Pods-iOSBlogReader-resources.sh\"\n";
			showEnvVarsInLog = 0;
		};
/* End PBXShellScriptBuildPhase section */

/* Begin PBXSourcesBuildPhase section */
		D176AC5B1C7E221A001F25D4 /* Sources */ = {
			isa = PBXSourcesBuildPhase;
			buildActionMask = 2147483647;
			files = (
				D14431A71CCC039000FDE636 /* FeedSourceManager.m in Sources */,
				D11A30FE1CBABEB1001B1D57 /* FeedItemModel+CoreDataProperties.m in Sources */,
				D11A31021CBABF7C001B1D57 /* DataManager.m in Sources */,
				D11A31311CC54E4B001B1D57 /* MWFeedParser.m in Sources */,
				D11A30F01CBAA6C1001B1D57 /* FeedParseOperation.m in Sources */,
				D132936E1CB7F1770091DA58 /* RestLinkListModel.m in Sources */,
				D13293721CB90B7E0091DA58 /* BlogModel.xcdatamodeld in Sources */,
				D13848EA1CB948BB00C2FEF6 /* DomainModel+CoreDataProperties.m in Sources */,
				D11A31351CC54E4B001B1D57 /* NSString+XMLEntities.m in Sources */,
				D1F574C01CB541580044B494 /* AppUtil.m in Sources */,
				D11A30EC1CBAA5C7001B1D57 /* FeedManager.m in Sources */,
				D11A31341CC54E4B001B1D57 /* NSString+HTML.m in Sources */,
				D11A312E1CC54E4B001B1D57 /* GTMNSString+HTML.m in Sources */,
				D1F574D61CB55F190044B494 /* PageDataset.m in Sources */,
				D1F574F11CB578890044B494 /* RestApi.m in Sources */,
				D13848EB1CB948BB00C2FEF6 /* DomainModel.m in Sources */,
				D11A31331CC54E4B001B1D57 /* NSDate+InternetDateTime.m in Sources */,
				D14431D11CD0DA8A00FDE636 /* FeedSourceViewController.m in Sources */,
				D14431CA1CD0DA7E00FDE636 /* EENavigationController.m in Sources */,
				D176AC671C7E221A001F25D4 /* AppDelegate.m in Sources */,
				D13293681CB7E2A60091DA58 /* RestDomainListModel.m in Sources */,
				D11A312F1CC54E4B001B1D57 /* MWFeedInfo.m in Sources */,
				D13848E41CB948BB00C2FEF6 /* FeedModel+CoreDataProperties.m in Sources */,
				D176AC641C7E221A001F25D4 /* main.m in Sources */,
				D14431CB1CD0DA7E00FDE636 /* EETabBarController.m in Sources */,
				D14431D01CD0DA8A00FDE636 /* FeedPostsViewController.m in Sources */,
				D14431A41CCBC92600FDE636 /* FeedSourceTableViewCell.m in Sources */,
				D14431B41CCFD89200FDE636 /* DiscoverViewController.m in Sources */,
				D144319B1CCBC8E800FDE636 /* LinkViewController.m in Sources */,
				D1F574ED1CB5728A0044B494 /* LinkTableViewCell.m in Sources */,
				D11A30FF1CBABEB1001B1D57 /* FeedItemModel.m in Sources */,
				D11A31301CC54E4B001B1D57 /* MWFeedItem.m in Sources */,
				D13848E61CB948BB00C2FEF6 /* AspectModel+CoreDataProperties.m in Sources */,
				D13848E51CB948BB00C2FEF6 /* FeedModel.m in Sources */,
				D13848E71CB948BB00C2FEF6 /* AspectModel.m in Sources */,
				D14431961CCBC8E800FDE636 /* ConfigViewController.m in Sources */,
				D14431B71CCFD8BC00FDE636 /* FavViewController.m in Sources */,
				D144319D1CCBC8E800FDE636 /* WebViewController.m in Sources */,
				D11A30E71CB978E3001B1D57 /* MainContext.m in Sources */,
				D14431AA1CCD054400FDE636 /* FeedPostContentViewController.m in Sources */,
				D14431A31CCBC92600FDE636 /* FeedPostTableViewCell.m in Sources */,
			);
			runOnlyForDeploymentPostprocessing = 0;
		};
		D1F574DB1CB5717C0044B494 /* Sources */ = {
			isa = PBXSourcesBuildPhase;
			buildActionMask = 2147483647;
			files = (
				D1F574E21CB5717C0044B494 /* RestApiTests.m in Sources */,
				D11A30E91CBAA243001B1D57 /* FeedRetriveTests.m in Sources */,
			);
			runOnlyForDeploymentPostprocessing = 0;
		};
/* End PBXSourcesBuildPhase section */

/* Begin PBXTargetDependency section */
		D1F574E51CB5717C0044B494 /* PBXTargetDependency */ = {
			isa = PBXTargetDependency;
			target = D176AC5E1C7E221A001F25D4 /* iOSBlogReader */;
			targetProxy = D1F574E41CB5717C0044B494 /* PBXContainerItemProxy */;
		};
/* End PBXTargetDependency section */

/* Begin PBXVariantGroup section */
		D176AC731C7E221A001F25D4 /* LaunchScreen.storyboard */ = {
			isa = PBXVariantGroup;
			children = (
				D176AC741C7E221A001F25D4 /* Base */,
			);
			name = LaunchScreen.storyboard;
			sourceTree = "<group>";
		};
/* End PBXVariantGroup section */

/* Begin XCBuildConfiguration section */
		D176AC771C7E221A001F25D4 /* Debug */ = {
			isa = XCBuildConfiguration;
			buildSettings = {
				ALWAYS_SEARCH_USER_PATHS = NO;
				CLANG_CXX_LANGUAGE_STANDARD = "gnu++0x";
				CLANG_CXX_LIBRARY = "libc++";
				CLANG_ENABLE_MODULES = YES;
				CLANG_ENABLE_OBJC_ARC = YES;
				CLANG_WARN_BOOL_CONVERSION = YES;
				CLANG_WARN_CONSTANT_CONVERSION = YES;
				CLANG_WARN_DIRECT_OBJC_ISA_USAGE = YES_ERROR;
				CLANG_WARN_EMPTY_BODY = YES;
				CLANG_WARN_ENUM_CONVERSION = YES;
				CLANG_WARN_INT_CONVERSION = YES;
				CLANG_WARN_OBJC_ROOT_CLASS = YES_ERROR;
				CLANG_WARN_UNREACHABLE_CODE = YES;
				CLANG_WARN__DUPLICATE_METHOD_MATCH = YES;
				"CODE_SIGN_IDENTITY[sdk=iphoneos*]" = "iPhone Developer";
				COPY_PHASE_STRIP = NO;
				DEBUG_INFORMATION_FORMAT = dwarf;
				ENABLE_STRICT_OBJC_MSGSEND = YES;
				ENABLE_TESTABILITY = YES;
				GCC_C_LANGUAGE_STANDARD = gnu99;
				GCC_DYNAMIC_NO_PIC = NO;
				GCC_NO_COMMON_BLOCKS = YES;
				GCC_OPTIMIZATION_LEVEL = 0;
				GCC_PREPROCESSOR_DEFINITIONS = (
					"DEBUG=1",
					"$(inherited)",
				);
				GCC_WARN_64_TO_32_BIT_CONVERSION = YES;
				GCC_WARN_ABOUT_RETURN_TYPE = YES_ERROR;
				GCC_WARN_UNDECLARED_SELECTOR = YES;
				GCC_WARN_UNINITIALIZED_AUTOS = YES_AGGRESSIVE;
				GCC_WARN_UNUSED_FUNCTION = YES;
				GCC_WARN_UNUSED_VARIABLE = YES;
				IPHONEOS_DEPLOYMENT_TARGET = 9.2;
				MTL_ENABLE_DEBUG_INFO = YES;
				ONLY_ACTIVE_ARCH = YES;
				SDKROOT = iphoneos;
			};
			name = Debug;
		};
		D176AC781C7E221A001F25D4 /* Release */ = {
			isa = XCBuildConfiguration;
			buildSettings = {
				ALWAYS_SEARCH_USER_PATHS = NO;
				CLANG_CXX_LANGUAGE_STANDARD = "gnu++0x";
				CLANG_CXX_LIBRARY = "libc++";
				CLANG_ENABLE_MODULES = YES;
				CLANG_ENABLE_OBJC_ARC = YES;
				CLANG_WARN_BOOL_CONVERSION = YES;
				CLANG_WARN_CONSTANT_CONVERSION = YES;
				CLANG_WARN_DIRECT_OBJC_ISA_USAGE = YES_ERROR;
				CLANG_WARN_EMPTY_BODY = YES;
				CLANG_WARN_ENUM_CONVERSION = YES;
				CLANG_WARN_INT_CONVERSION = YES;
				CLANG_WARN_OBJC_ROOT_CLASS = YES_ERROR;
				CLANG_WARN_UNREACHABLE_CODE = YES;
				CLANG_WARN__DUPLICATE_METHOD_MATCH = YES;
				"CODE_SIGN_IDENTITY[sdk=iphoneos*]" = "iPhone Developer";
				COPY_PHASE_STRIP = NO;
				DEBUG_INFORMATION_FORMAT = "dwarf-with-dsym";
				ENABLE_NS_ASSERTIONS = NO;
				ENABLE_STRICT_OBJC_MSGSEND = YES;
				GCC_C_LANGUAGE_STANDARD = gnu99;
				GCC_NO_COMMON_BLOCKS = YES;
				GCC_WARN_64_TO_32_BIT_CONVERSION = YES;
				GCC_WARN_ABOUT_RETURN_TYPE = YES_ERROR;
				GCC_WARN_UNDECLARED_SELECTOR = YES;
				GCC_WARN_UNINITIALIZED_AUTOS = YES_AGGRESSIVE;
				GCC_WARN_UNUSED_FUNCTION = YES;
				GCC_WARN_UNUSED_VARIABLE = YES;
				IPHONEOS_DEPLOYMENT_TARGET = 9.2;
				MTL_ENABLE_DEBUG_INFO = NO;
				SDKROOT = iphoneos;
				VALIDATE_PRODUCT = YES;
			};
			name = Release;
		};
		D176AC7A1C7E221A001F25D4 /* Debug */ = {
			isa = XCBuildConfiguration;
			baseConfigurationReference = 71DBC24706D008DA1204961E /* Pods-iOSBlogReader.debug.xcconfig */;
			buildSettings = {
				ASSETCATALOG_COMPILER_APPICON_NAME = AppIcon;
				CODE_SIGN_IDENTITY = "iPhone Developer";
				GCC_PRECOMPILE_PREFIX_HEADER = YES;
				GCC_PREFIX_HEADER = "$(SRCROOT)/iOSBlogReader/PrefixHeader.h";
				INFOPLIST_FILE = iOSBlogReader/Info.plist;
				IPHONEOS_DEPLOYMENT_TARGET = 8.0;
				LD_RUNPATH_SEARCH_PATHS = "$(inherited) @executable_path/Frameworks";
				PRODUCT_BUNDLE_IDENTIFIER = com.everettjf.iOSBlogReader;
				PRODUCT_NAME = "博客精选 iOS";
			};
			name = Debug;
		};
		D176AC7B1C7E221A001F25D4 /* Release */ = {
			isa = XCBuildConfiguration;
			baseConfigurationReference = 96B908C6BC6631CB3B898F2B /* Pods-iOSBlogReader.release.xcconfig */;
			buildSettings = {
				ASSETCATALOG_COMPILER_APPICON_NAME = AppIcon;
				CODE_SIGN_IDENTITY = "iPhone Developer";
				GCC_PRECOMPILE_PREFIX_HEADER = YES;
				GCC_PREFIX_HEADER = "$(SRCROOT)/iOSBlogReader/PrefixHeader.h";
				INFOPLIST_FILE = iOSBlogReader/Info.plist;
				IPHONEOS_DEPLOYMENT_TARGET = 8.0;
				LD_RUNPATH_SEARCH_PATHS = "$(inherited) @executable_path/Frameworks";
				PRODUCT_BUNDLE_IDENTIFIER = com.everettjf.iOSBlogReader;
				PRODUCT_NAME = "博客精选 iOS";
			};
			name = Release;
		};
		D1F574E71CB5717C0044B494 /* Debug */ = {
			isa = XCBuildConfiguration;
			buildSettings = {
				BUNDLE_LOADER = "$(TEST_HOST)";
				CLANG_ANALYZER_NONNULL = YES;
				INFOPLIST_FILE = iOSBlogReaderTests/Info.plist;
				IPHONEOS_DEPLOYMENT_TARGET = 9.3;
				LD_RUNPATH_SEARCH_PATHS = "$(inherited) @executable_path/Frameworks @loader_path/Frameworks";
				PRODUCT_BUNDLE_IDENTIFIER = com.everettjf.iOSBlogReaderTests;
				PRODUCT_NAME = "$(TARGET_NAME)";
				TEST_HOST = "$(BUILT_PRODUCTS_DIR)/iOSBlogReader.app/iOSBlogReader";
			};
			name = Debug;
		};
		D1F574E81CB5717C0044B494 /* Release */ = {
			isa = XCBuildConfiguration;
			buildSettings = {
				BUNDLE_LOADER = "$(TEST_HOST)";
				CLANG_ANALYZER_NONNULL = YES;
				INFOPLIST_FILE = iOSBlogReaderTests/Info.plist;
				IPHONEOS_DEPLOYMENT_TARGET = 9.3;
				LD_RUNPATH_SEARCH_PATHS = "$(inherited) @executable_path/Frameworks @loader_path/Frameworks";
				PRODUCT_BUNDLE_IDENTIFIER = com.everettjf.iOSBlogReaderTests;
				PRODUCT_NAME = "$(TARGET_NAME)";
				TEST_HOST = "$(BUILT_PRODUCTS_DIR)/iOSBlogReader.app/iOSBlogReader";
			};
			name = Release;
		};
/* End XCBuildConfiguration section */

/* Begin XCConfigurationList section */
		D176AC5A1C7E221A001F25D4 /* Build configuration list for PBXProject "iOSBlogReader" */ = {
			isa = XCConfigurationList;
			buildConfigurations = (
				D176AC771C7E221A001F25D4 /* Debug */,
				D176AC781C7E221A001F25D4 /* Release */,
			);
			defaultConfigurationIsVisible = 0;
			defaultConfigurationName = Release;
		};
		D176AC791C7E221A001F25D4 /* Build configuration list for PBXNativeTarget "iOSBlogReader" */ = {
			isa = XCConfigurationList;
			buildConfigurations = (
				D176AC7A1C7E221A001F25D4 /* Debug */,
				D176AC7B1C7E221A001F25D4 /* Release */,
			);
			defaultConfigurationIsVisible = 0;
			defaultConfigurationName = Release;
		};
		D1F574E61CB5717C0044B494 /* Build configuration list for PBXNativeTarget "iOSBlogReaderTests" */ = {
			isa = XCConfigurationList;
			buildConfigurations = (
				D1F574E71CB5717C0044B494 /* Debug */,
				D1F574E81CB5717C0044B494 /* Release */,
			);
			defaultConfigurationIsVisible = 0;
			defaultConfigurationName = Release;
		};
/* End XCConfigurationList section */

/* Begin XCVersionGroup section */
		D13293701CB90B7E0091DA58 /* BlogModel.xcdatamodeld */ = {
			isa = XCVersionGroup;
			children = (
				D13293711CB90B7E0091DA58 /* BlogModel.xcdatamodel */,
			);
			currentVersion = D13293711CB90B7E0091DA58 /* BlogModel.xcdatamodel */;
			path = BlogModel.xcdatamodeld;
			sourceTree = "<group>";
			versionGroupType = wrapper.xcdatamodel;
		};
/* End XCVersionGroup section */
	};
	rootObject = D176AC571C7E221A001F25D4 /* Project object */;
}
