PODS:
  - AFNetworking (3.1.0):
    - AFNetworking/NSURLSession (= 3.1.0)
    - AFNetworking/Reachability (= 3.1.0)
    - AFNetworking/Security (= 3.1.0)
    - AFNetworking/Serialization (= 3.1.0)
    - AFNetworking/UIKit (= 3.1.0)
  - AFNetworking/NSURLSession (3.1.0):
    - AFNetworking/Reachability
    - AFNetworking/Security
    - AFNetworking/Serialization
  - AFNetworking/Reachability (3.1.0)
  - AFNetworking/Security (3.1.0)
  - AFNetworking/Serialization (3.1.0)
  - AFNetworking/UIKit (3.1.0):
    - AFNetworking/NSURLSession
  - ARChromeActivity (1.0.5)
  - CocoaLumberjack (2.4.0):
    - CocoaLumberjack/Default (= 2.4.0)
    - CocoaLumberjack/Extensions (= 2.4.0)
  - CocoaLumberjack/Core (2.4.0)
  - CocoaLumberjack/Default (2.4.0):
    - CocoaLumberjack/Core
  - CocoaLumberjack/Extensions (2.4.0):
    - CocoaLumberjack/Default
  - HMSegmentedControl (1.5.4)
  - KINWebBrowser (1.3.2):
    - ARChromeActivity (= 1.0.5)
    - TUSafariActivity (= 1.0.4)
  - Masonry (0.6.4)
  - MJRefresh (3.1.12)
  - pop (1.0.10)
  - TUSafariActivity (1.0.4)
  - YYCache (1.0.4)
  - YYImage (1.0.4):
    - YYImage/Core (= 1.0.4)
  - YYImage/Core (1.0.4)
  - YYModel (1.0.4)
  - YYWebImage (1.0.5):
    - YYCache
    - YYImage

DEPENDENCIES:
  - AFNetworking
  - CocoaLumberjack (~> 2.2)
  - HMSegmentedControl (~> 1.5)
  - KINWebBrowser (~> 1.3)
  - Masonry (~> 0.6)
  - MJRefresh (~> 3.1)
  - pop (~> 1.0)
  - YYModel (~> 1.0)
  - YYWebImage (~> 1.0)

SPEC CHECKSUMS:
  AFNetworking: 5e0e199f73d8626b11e79750991f5d173d1f8b67
  ARChromeActivity: 821c7849b566f49583987468733a896fee35aa4d
  CocoaLumberjack: aa9dcab71bdf9eaf2a63bbd9ddc87863efe45457
  HMSegmentedControl: b25bc4ec44766e073d62c473188fb354ee244b76
  KINWebBrowser: 27aa857a2aa39063ed102cca781d130b679d205f
  Masonry: 281802d04d787ea2973179ee8bcb50500579ede2
  MJRefresh: b96cdb21c4aa75a7b07654311ab2f315c497e806
  pop: 82ca6b068ce9278fd350fd9dd09482a0ce9492e6
  TUSafariActivity: afc55a00965377939107ce4fdc7f951f62454546
  YYCache: 8105b6638f5e849296c71f331ff83891a4942952
  YYImage: 1e1b62a9997399593e4b9c4ecfbbabbf1d3f3b54
  YYModel: 2a7fdd96aaa4b86a824e26d0c517de8928c04b30
  YYWebImage: 5f7f36aee2ae293f016d418c7d6ba05c4863e928

PODFILE CHECKSUM: 2859c9736c79b85277aba9d8865f0bb2f5908537

COCOAPODS: 1.3.1
