PODS:
  - AFNetworking (3.0.4):
    - AFNetworking/NSURLSession (= 3.0.4)
    - AFNetworking/Reachability (= 3.0.4)
    - AFNetworking/Security (= 3.0.4)
    - AFNetworking/Serialization (= 3.0.4)
    - AFNetworking/UIKit (= 3.0.4)
  - AFNetworking/NSURLSession (3.0.4):
    - AFNetworking/Reachability
    - AFNetworking/Security
    - AFNetworking/Serialization
  - AFNetworking/Reachability (3.0.4)
  - AFNetworking/Security (3.0.4)
  - AFNetworking/Serialization (3.0.4)
  - AFNetworking/UIKit (3.0.4):
    - AFNetworking/NSURLSession
  - ARChromeActivity (1.0.6)
  - Bugly (2.2)
  - CocoaLumberjack (2.2.0):
    - CocoaLumberjack/Default (= 2.2.0)
    - CocoaLumberjack/Extensions (= 2.2.0)
  - CocoaLumberjack/Core (2.2.0)
  - CocoaLumberjack/Default (2.2.0):
    - CocoaLumberjack/Core
  - CocoaLumberjack/Extensions (2.2.0):
    - CocoaLumberjack/Default
  - HMSegmentedControl (1.5.2)
  - Masonry (0.6.4)
  - MJRefresh (3.1.0)
  - pop (1.0.9)
  - TUSafariActivity (1.0.4)
  - UMengAnalytics-NO-IDFA (3.6.7)
  - YYCache (1.0.3)
  - YYImage (1.0.1):
    - YYImage/Core (= 1.0.1)
  - YYImage/Core (1.0.1)
  - YYModel (1.0.2)
  - YYWebImage (1.0.3):
    - YYCache
    - YYImage

DEPENDENCIES:
  - AFNetworking (~> 3.0)
  - ARChromeActivity (~> 1.0)
  - Bugly
  - CocoaLumberjack (~> 2.2)
  - HMSegmentedControl (~> 1.5)
  - Masonry (~> 0.6)
  - MJRefresh (~> 3.1)
  - pop (~> 1.0)
  - TUSafariActivity (~> 1.0)
  - UMengAnalytics-NO-IDFA
  - YYModel (~> 1.0)
  - YYWebImage (~> 1.0)

SPEC CHECKSUMS:
  AFNetworking: a0075feb321559dc78d9d85b55d11caa19eabb93
  ARChromeActivity: 5dcf9b9f09323761f992aff3525cdd777f83609d
  Bugly: b24bdd3017bb05d4749d66e1b95bd1ba7207e7bd
  CocoaLumberjack: 17fe8581f84914d5d7e6360f7c70022b173c3ae0
  HMSegmentedControl: 83b9686022d2176fb6457d2bdb61e5d6393fed7d
  Masonry: 281802d04d787ea2973179ee8bcb50500579ede2
  MJRefresh: 743e6404967d1c2c688472ea3ecfde247d872db4
  pop: f667631a5108a2e60d9e8797c9b32ddaf2080bce
  TUSafariActivity: afc55a00965377939107ce4fdc7f951f62454546
  UMengAnalytics-NO-IDFA: 6d02561a00579b2e37718f204eb81347df5d7b8b
  YYCache: 282f35b5b0990833d0b7a06d864a87141a021da2
  YYImage: b41b45bc5f32bfcdf67bdfb9c09da9e9832357c0
  YYModel: 7a467eff45ae3641c33efb136c262d33b6f48c1a
  YYWebImage: 8da75a611fd0d2e0f58a273f9ca0bc731614cb0d

COCOAPODS: 0.39.0
