PODS:
  - AFNetworking (3.0.4):
    - AFNetworking/NSURLSession (= 3.0.4)
    - AFNetworking/Reachability (= 3.0.4)
    - AFNetworking/Security (= 3.0.4)
    - AFNetworking/Serialization (= 3.0.4)
    - AFNetworking/UIKit (= 3.0.4)
  - AFNetworking/NSURLSession (3.0.4):
    - AFNetworking/Reachability
    - AFNetworking/Security
    - AFNetworking/Serialization
  - AFNetworking/Reachability (3.0.4)
  - AFNetworking/Security (3.0.4)
  - AFNetworking/Serialization (3.0.4)
  - AFNetworking/UIKit (3.0.4):
    - AFNetworking/NSURLSession
  - HMSegmentedControl (1.5.2)
  - MagicalRecord (2.3.2):
    - MagicalRecord/Core (= 2.3.2)
  - MagicalRecord/Core (2.3.2)
  - Masonry (0.6.4)
  - MWFeedParser (1.0.1):
    - MWFeedParser/FeedParser (= 1.0.1)
    - MWFeedParser/NSDate+InternetDateTime (= 1.0.1)
    - MWFeedParser/NSString+HTML (= 1.0.1)
  - MWFeedParser/FeedParser (1.0.1):
    - MWFeedParser/NSDate+InternetDateTime
    - MWFeedParser/NSString+HTML
  - MWFeedParser/NSDate+InternetDateTime (1.0.1)
  - MWFeedParser/NSString+HTML (1.0.1)
  - pop (1.0.9)
  - SVProgressHUD (2.0.3)
  - YYModel (1.0.2)

DEPENDENCIES:
  - AFNetworking (~> 3.0)
  - HMSegmentedControl (~> 1.5)
  - MagicalRecord (~> 2.3)
  - Masonry (~> 0.6)
  - MWFeedParser (~> 1.0)
  - pop (~> 1.0)
  - SVProgressHUD (~> 2.0)
  - YYModel (~> 1.0)

SPEC CHECKSUMS:
  AFNetworking: a0075feb321559dc78d9d85b55d11caa19eabb93
  HMSegmentedControl: 83b9686022d2176fb6457d2bdb61e5d6393fed7d
  MagicalRecord: 53bed74b4323b930992a725be713e53b37d19755
  Masonry: 281802d04d787ea2973179ee8bcb50500579ede2
  MWFeedParser: 2cf646014c1baf6ad1b08c480b40a08180079247
  pop: f667631a5108a2e60d9e8797c9b32ddaf2080bce
  SVProgressHUD: b0830714205bea1317ea1a2ebc71e5633af334d4
  YYModel: 7a467eff45ae3641c33efb136c262d33b6f48c1a

COCOAPODS: 0.39.0
