<?xml version="1.0" encoding="UTF-8"?>
<Scheme
   LastUpgradeVersion = "0720"
   version = "1.3">
   <BuildAction
      parallelizeBuildables = "YES"
      buildImplicitDependencies = "YES">
      <BuildActionEntries>
         <BuildActionEntry
            buildForTesting = "YES"
            buildForRunning = "YES"
            buildForProfiling = "YES"
            buildForArchiving = "YES"
            buildForAnalyzing = "YES">
            <BuildableReference
               BuildableIdentifier = "primary"
               BlueprintIdentifier = "D176AC5E1C7E221A001F25D4"
               BuildableName = "&#x756a;&#x8304;&#x9605;&#x8bfb;.app"
               BlueprintName = "iOSBlogReader"
               ReferencedContainer = "container:iOSBlogReader.xcodeproj">
            </BuildableReference>
         </BuildActionEntry>
      </BuildActionEntries>
   </BuildAction>
   <TestAction
      buildConfiguration = "Debug"
      selectedDebuggerIdentifier = "Xcode.DebuggerFoundation.Debugger.LLDB"
      selectedLauncherIdentifier = "Xcode.DebuggerFoundation.Launcher.LLDB"
      shouldUseLaunchSchemeArgsEnv = "YES">
      <Testables>
         <TestableReference
            skipped = "NO">
            <BuildableReference
               BuildableIdentifier = "primary"
               BlueprintIdentifier = "D1F574DE1CB5717C0044B494"
               BuildableName = "iOSBlogReaderTests.xctest"
               BlueprintName = "iOSBlogReaderTests"
               ReferencedContainer = "container:iOSBlogReader.xcodeproj">
            </BuildableReference>
            <SkippedTests>
               <Test
                  Identifier = "FeedParseTest">
               </Test>
               <Test
                  Identifier = "FeedRetriveTests">
               </Test>
               <Test
                  Identifier = "RestApiTests">
               </Test>
            </SkippedTests>
         </TestableReference>
      </Testables>
      <MacroExpansion>
         <BuildableReference
            BuildableIdentifier = "primary"
            BlueprintIdentifier = "D176AC5E1C7E221A001F25D4"
            BuildableName = "&#x756a;&#x8304;&#x9605;&#x8bfb;.app"
            BlueprintName = "iOSBlogReader"
            ReferencedContainer = "container:iOSBlogReader.xcodeproj">
         </BuildableReference>
      </MacroExpansion>
      <AdditionalOptions>
      </AdditionalOptions>
   </TestAction>
   <LaunchAction
      buildConfiguration = "Debug"
      selectedDebuggerIdentifier = "Xcode.DebuggerFoundation.Debugger.LLDB"
      selectedLauncherIdentifier = "Xcode.DebuggerFoundation.Launcher.LLDB"
      launchStyle = "0"
      useCustomWorkingDirectory = "NO"
      ignoresPersistentStateOnLaunch = "NO"
      debugDocumentVersioning = "YES"
      debugServiceExtension = "internal"
      allowLocationSimulation = "YES">
      <BuildableProductRunnable
         runnableDebuggingMode = "0">
         <BuildableReference
            BuildableIdentifier = "primary"
            BlueprintIdentifier = "D176AC5E1C7E221A001F25D4"
            BuildableName = "&#x756a;&#x8304;&#x9605;&#x8bfb;.app"
            BlueprintName = "iOSBlogReader"
            ReferencedContainer = "container:iOSBlogReader.xcodeproj">
         </BuildableReference>
      </BuildableProductRunnable>
      <AdditionalOptions>
      </AdditionalOptions>
   </LaunchAction>
   <ProfileAction
      buildConfiguration = "Release"
      shouldUseLaunchSchemeArgsEnv = "YES"
      savedToolIdentifier = ""
      useCustomWorkingDirectory = "NO"
      debugDocumentVersioning = "YES">
      <BuildableProductRunnable
         runnableDebuggingMode = "0">
         <BuildableReference
            BuildableIdentifier = "primary"
            BlueprintIdentifier = "D176AC5E1C7E221A001F25D4"
            BuildableName = "&#x756a;&#x8304;&#x9605;&#x8bfb;.app"
            BlueprintName = "iOSBlogReader"
            ReferencedContainer = "container:iOSBlogReader.xcodeproj">
         </BuildableReference>
      </BuildableProductRunnable>
   </ProfileAction>
   <AnalyzeAction
      buildConfiguration = "Debug">
   </AnalyzeAction>
   <ArchiveAction
      buildConfiguration = "Release"
      revealArchiveInOrganizer = "YES">
   </ArchiveAction>
</Scheme>
